Microsoft Visual Studio Solution File, Format Version 11.00
# Visual Studio 2008

Project("{CE18D63F-2028-440A-E5A3-41B65DACE664}") = "Zombie Wars", "Assembly-CSharp.csproj", "{16AA2DEC-DF41-5803-8EEC-7C16DFF263AE}"
EndProject
Project("{CE18D63F-2028-440A-E5A3-41B65DACE664}") = "Zombie Wars", "Assembly-CSharp-Editor.csproj", "{A49F09B7-2ABC-6F06-65C1-BB13DE284C2D}"
EndProject
Global
	GlobalSection(SolutionConfigurationPlatforms) = preSolution
		Debug|Any CPU = Debug|Any CPU
		Release|Any CPU = Release|Any CPU
	EndGlobalSection
	GlobalSection(ProjectConfigurationPlatforms) = postSolution
		{16AA2DEC-DF41-5803-8EEC-7C16DFF263AE}.Debug|Any CPU.ActiveCfg = Debug|Any CPU
		{16AA2DEC-DF41-5803-8EEC-7C16DFF263AE}.Debug|Any CPU.Build.0 = Debug|Any CPU
		{16AA2DEC-DF41-5803-8EEC-7C16DFF263AE}.Release|Any CPU.ActiveCfg = Release|Any CPU
		{16AA2DEC-DF41-5803-8EEC-7C16DFF263AE}.Release|Any CPU.Build.0 = Release|Any CPU
		{A49F09B7-2ABC-6F06-65C1-BB13DE284C2D}.Debug|Any CPU.ActiveCfg = Debug|Any CPU
		{A49F09B7-2ABC-6F06-65C1-BB13DE284C2D}.Debug|Any CPU.Build.0 = Debug|Any CPU
		{A49F09B7-2ABC-6F06-65C1-BB13DE284C2D}.Release|Any CPU.ActiveCfg = Release|Any CPU
		{A49F09B7-2ABC-6F06-65C1-BB13DE284C2D}.Release|Any CPU.Build.0 = Release|Any CPU
	EndGlobalSection
	GlobalSection(SolutionProperties) = preSolution
		HideSolutionNode = FALSE
	EndGlobalSection
																																																																																																																																					GlobalSection(MonoDevelopProperties) = preSolution
		StartupItem = Assembly-CSharp.csproj
		Policies = $0
		$0.TextStylePolicy = $1
		$1.inheritsSet = null
		$1.scope = text/x-csharp
		$0.CSharpFormattingPolicy = $2
		$2.inheritsSet = Mono
		$2.inheritsScope = text/x-csharp
		$2.scope = text/x-csharp
		$0.TextStylePolicy = $3
		$3.FileWidth = 120
		$3.TabWidth = 4
		$3.EolMarker = Unix
		$3.inheritsSet = Mono
		$3.inheritsScope = text/plain
		$3.scope = text/plain
	EndGlobalSection

EndGlobal
